
Microsoft Visual Studio Solution File, Format Version 12.00
# Visual Studio Version 17
VisualStudioVersion = 17.14.36414.22 d17.14
MinimumVisualStudioVersion = 10.0.40219.1
Project("{8BC9CEB8-8B4A-11D0-8D11-00A0C91BC942}") = "33", "33\33.vcxproj", "{04C8F739-7B67-4605-881F-EED23CC1382A}"
EndProject
Global
	GlobalSection(SolutionConfigurationPlatforms) = preSolution
		Debug|x64 = Debug|x64
		Debug|x86 = Debug|x86
		Release|x64 = Release|x64
		Release|x86 = Release|x86
	EndGlobalSection
	GlobalSection(ProjectConfigurationPlatforms) = postSolution
		{04C8F739-7B67-4605-881F-EED23CC1382A}.Debug|x64.ActiveCfg = Debug|x64
		{04C8F739-7B67-4605-881F-EED23CC1382A}.Debug|x64.Build.0 = Debug|x64
		{04C8F739-7B67-4605-881F-EED23CC1382A}.Debug|x86.ActiveCfg = Debug|Win32
		{04C8F739-7B67-4605-881F-EED23CC1382A}.Debug|x86.Build.0 = Debug|Win32
		{04C8F739-7B67-4605-881F-EED23CC1382A}.Release|x64.ActiveCfg = Release|x64
		{04C8F739-7B67-4605-881F-EED23CC1382A}.Release|x64.Build.0 = Release|x64
		{04C8F739-7B67-4605-881F-EED23CC1382A}.Release|x86.ActiveCfg = Release|Win32
		{04C8F739-7B67-4605-881F-EED23CC1382A}.Release|x86.Build.0 = Release|Win32
	EndGlobalSection
	GlobalSection(SolutionProperties) = preSolution
		HideSolutionNode = FALSE
	EndGlobalSection
	GlobalSection(ExtensibilityGlobals) = postSolution
		SolutionGuid = {5E6C8C70-DFA1-4672-84E1-5E0B042F755F}
	EndGlobalSection
EndGlobal
